PODS:
  - Realm (5.4.3):
    - Realm/Headers (= 5.4.3)
  - Realm/Headers (5.4.3)
  - RealmSwift (5.4.3):
    - Realm (= 5.4.3)
  - RxBlocking (5.1.1):
    - RxSwift (~> 5)
  - RxCocoa (5.1.1):
    - RxRelay (~> 5)
    - RxSwift (~> 5)
  - RxRealm (3.1.0):
    - RealmSwift (~> 5.4)
    - RxSwift (~> 5.1)
  - RxRelay (5.1.1):
    - RxSwift (~> 5)
  - RxSwift (5.1.1)

DEPENDENCIES:
  - RealmSwift (~> 5.1)
  - RxBlocking (~> 5.1)
  - RxCocoa (~> 5.1)
  - RxRealm (from `../`)
  - RxSwift (~> 5.1)

SPEC REPOS:
  trunk:
    - Realm
    - RealmSwift
    - RxBlocking
    - RxCocoa
    - RxRelay
    - RxSwift

EXTERNAL SOURCES:
  RxRealm:
    :path: "../"

SPEC CHECKSUMS:
  Realm: e3d5fcc50fd79ddf87a2d86301f6edbf57531f84
  RealmSwift: db608068eccc54bce47928e8118bde13c120c307
  RxBlocking: 5f700a78cad61ce253ebd37c9a39b5ccc76477b4
  RxCocoa: 32065309a38d29b5b0db858819b5bf9ef038b601
  RxRealm: d8bd9d443b21c565d1a9798254a4704396145dfc
  RxRelay: d77f7d771495f43c556cbc43eebd1bb54d01e8e9
  RxSwift: 81470a2074fa8780320ea5fe4102807cb7118178

PODFILE CHECKSUM: c60beedfdfbc6852f0819d0a214e43ed5c963ca0

COCOAPODS: 1.10.0.rc.1
